<?xml version="1.0" encoding="utf-8"?>
<Project ToolsVersion="4.0" xmlns="http://schemas.microsoft.com/developer/msbuild/2003">
  <ItemGroup>
    <Filter Include="LessonManager">
      <UniqueIdentifier>{beeca0ca-d711-40d9-84bd-fbc50756e564}</UniqueIdentifier>
    </Filter>
    <Filter Include="Application">
      <UniqueIdentifier>{75fc341c-fdfe-42e3-9332-e4a3234f738e}</UniqueIdentifier>
    </Filter>
    <Filter Include="Gui">
      <UniqueIdentifier>{3386ccae-b210-4ab0-b6bd-e02f66044141}</UniqueIdentifier>
    </Filter>
    <Filter Include="Gui\Packages">
      <UniqueIdentifier>{4572da2a-7003-4f16-9fd3-51d125aeb609}</UniqueIdentifier>
    </Filter>
    <Filter Include="Tools">
      <UniqueIdentifier>{f0a71bf0-c618-43e8-a30c-269739e32ad9}</UniqueIdentifier>
    </Filter>
    <Filter Include="Mocks">
      <UniqueIdentifier>{edb0045b-05f0-411d-95a1-94d764d2b69f}</UniqueIdentifier>
    </Filter>
    <Filter Include="QuizTests">
      <UniqueIdentifier>{6cf0a2f8-b976-4fa2-8b92-3a3b0c4f2ec0}</UniqueIdentifier>
    </Filter>
    <Filter Include="QuizTests\Sources">
      <UniqueIdentifier>{d1054577-f7fe-48bf-ac27-7d010754fbc8}</UniqueIdentifier>
    </Filter>
  </ItemGroup>
  <ItemGroup>
    <ClCompile Include="..\src\lessons\LessonManager.cpp">
      <Filter>LessonManager</Filter>
    </ClCompile>
    <ClCompile Include="LessonManager\LessonManagerTest.cpp">
      <Filter>LessonManager</Filter>
    </ClCompile>
    <ClCompile Include="LessonManager\LessonTests.cpp">
      <Filter>LessonManager</Filter>
    </ClCompile>
    <ClCompile Include="$(MSBuildThisFileDirectory)src\gtest\gtest-all.cc" />
    <ClCompile Include="$(MSBuildThisFileDirectory)src\gmock\gmock-all.cc" />
    <ClCompile Include="Tools\EventsDataTests.cpp">
      <Filter>Tools</Filter>
    </ClCompile>
    <ClCompile Include="Tools\DataPackage.cpp">
      <Filter>Tools</Filter>
    </ClCompile>
    <ClCompile Include="Gui\LessonPackageTests.cpp">
      <Filter>Gui\Packages</Filter>
    </ClCompile>
    <ClCompile Include="Gui\SettingsDataPackageTest.cpp">
      <Filter>Gui\Packages</Filter>
    </ClCompile>
    <ClCompile Include="Quiz\FlashcardsQuizGamesTest.cpp">
      <Filter>QuizTests</Filter>
    </ClCompile>
    <ClCompile Include="Quiz\MultichoiceQuizGameTests.cpp">
      <Filter>QuizTests</Filter>
    </ClCompile>
    <ClCompile Include="..\src\quiz\MultipleChoiceQuiz.cpp">
      <Filter>QuizTests\Sources</Filter>
    </ClCompile>
  </ItemGroup>
  <ItemGroup>
    <ClInclude Include="LessonManager\MockDatabase.h">
      <Filter>LessonManager</Filter>
    </ClInclude>
    <ClInclude Include="Mocks\MockGui.h">
      <Filter>Mocks</Filter>
    </ClInclude>
    <ClInclude Include="Mocks\MockApplication.h">
      <Filter>Mocks</Filter>
    </ClInclude>
  </ItemGroup>
  <ItemGroup>
    <None Include="packages.config" />
  </ItemGroup>
</Project>