<?xml version="1.0" encoding="utf-8"?>
<Project ToolsVersion="4.0" xmlns="http://schemas.microsoft.com/developer/msbuild/2003">
  <ItemGroup>
    <Filter Include="LessonManager">
      <UniqueIdentifier>{beeca0ca-d711-40d9-84bd-fbc50756e564}</UniqueIdentifier>
    </Filter>
    <Filter Include="Application">
      <UniqueIdentifier>{75fc341c-fdfe-42e3-9332-e4a3234f738e}</UniqueIdentifier>
    </Filter>
    <Filter Include="Gui">
      <UniqueIdentifier>{3386ccae-b210-4ab0-b6bd-e02f66044141}</UniqueIdentifier>
    </Filter>
    <Filter Include="Gui\Quiz">
      <UniqueIdentifier>{4b22c6c5-844f-4105-8c1d-67f5ac68f3ad}</UniqueIdentifier>
    </Filter>
    <Filter Include="Gui\Helper">
      <UniqueIdentifier>{5d6cbb78-0bae-4d87-a8ba-f9ce611eb5fe}</UniqueIdentifier>
    </Filter>
  </ItemGroup>
  <ItemGroup>
    <ClCompile Include="..\src\lessons\LessonManager.cpp">
      <Filter>LessonManager</Filter>
    </ClCompile>
    <ClCompile Include="LessonManager\LessonManagerTest.cpp">
      <Filter>LessonManager</Filter>
    </ClCompile>
    <ClCompile Include="LessonManager\LessonTests.cpp">
      <Filter>LessonManager</Filter>
    </ClCompile>
    <ClCompile Include="Application\EventBridgeTest.cpp">
      <Filter>Application</Filter>
    </ClCompile>
    <ClCompile Include="$(MSBuildThisFileDirectory)src\gtest\gtest-all.cc" />
    <ClCompile Include="$(MSBuildThisFileDirectory)src\gmock\gmock-all.cc" />
    <ClCompile Include="Quiz\QuizGameTests.cpp">
      <Filter>Gui\Quiz</Filter>
    </ClCompile>
    <ClCompile Include="..\src\gui\quiz\QuizGame.cpp">
      <Filter>Gui\Quiz</Filter>
    </ClCompile>
    <ClCompile Include="Quiz\LessonDataDecoderTest.cpp">
      <Filter>Gui\Helper</Filter>
    </ClCompile>
    <ClCompile Include="Quiz\VocabularyQuizTests.cpp">
      <Filter>Gui\Quiz</Filter>
    </ClCompile>
    <ClCompile Include="..\src\gui\quiz\VocabularyQuiz.cpp">
      <Filter>Gui\Quiz</Filter>
    </ClCompile>
  </ItemGroup>
  <ItemGroup>
    <ClInclude Include="Application\MockGui.h">
      <Filter>Application</Filter>
    </ClInclude>
    <ClInclude Include="Application\MockApplication.h">
      <Filter>Application</Filter>
    </ClInclude>
    <ClInclude Include="LessonManager\MockDatabase.h">
      <Filter>LessonManager</Filter>
    </ClInclude>
  </ItemGroup>
  <ItemGroup>
    <None Include="packages.config" />
  </ItemGroup>
</Project>