<?xml version="1.0" encoding="utf-8"?>
<Project ToolsVersion="4.0" xmlns="http://schemas.microsoft.com/developer/msbuild/2003">
  <ItemGroup>
    <ClCompile Include="src\main.cpp" />
    <ClCompile Include="src\application\Application.cpp">
      <Filter>src\application</Filter>
    </ClCompile>
    <ClCompile Include="src\gui\Gui.cpp">
      <Filter>src\gui</Filter>
    </ClCompile>
    <ClCompile Include="src\gui\widgets\MenuBarWidget.cpp">
      <Filter>src\gui\widgets</Filter>
    </ClCompile>
    <ClCompile Include="src\gui\widgets\MainDashboardWidget.cpp">
      <Filter>src\gui\widgets</Filter>
    </ClCompile>
    <ClCompile Include="src\gui\widgets\LessonTreeViewWidget.cpp">
      <Filter>src\gui\widgets</Filter>
    </ClCompile>
    <ClCompile Include="src\gui\GuiStyle.cpp">
      <Filter>src\gui\style</Filter>
    </ClCompile>
    <ClCompile Include="src\gui\widgets\LessonSettingsWidget.cpp">
      <Filter>src\gui\widgets</Filter>
    </ClCompile>
    <ClCompile Include="src\lessons\LessonManager.cpp">
      <Filter>src\lessons</Filter>
    </ClCompile>
    <ClCompile Include="src\application\ApplicationDatabase.cpp">
      <Filter>src\application</Filter>
    </ClCompile>
    <ClCompile Include="src\bridge\EventBridge.cpp">
      <Filter>src\bridge</Filter>
    </ClCompile>
    <ClCompile Include="src\gui\widgets\Quiz\VocabularyQuizWidget.cpp">
      <Filter>src\gui\widgets\quiz</Filter>
    </ClCompile>
    <ClCompile Include="src\gui\widgets\Quiz\QuizWidget.cpp">
      <Filter>src\gui\widgets\quiz</Filter>
    </ClCompile>
    <ClCompile Include="src\gui\widgets\ApplicationSettingsWidget.cpp">
      <Filter>src\gui\widgets</Filter>
    </ClCompile>
    <ClCompile Include="src\gui\widgets\ImGuiFileDialog.cpp">
      <Filter>src\gui\widgets</Filter>
    </ClCompile>
    <ClCompile Include="src\tools\SystemTools.cpp">
      <Filter>src\tools</Filter>
    </ClCompile>
    <ClCompile Include="src\gui\widgets\ScriptQuizRunnerWidget.cpp">
      <Filter>src\gui\widgets</Filter>
    </ClCompile>
    <ClCompile Include="src\dictionary\Conjugations.cpp">
      <Filter>src\dictionary</Filter>
    </ClCompile>
    <ClCompile Include="src\quiz\MultipleChoiceQuiz.cpp">
      <Filter>src\quiz</Filter>
    </ClCompile>
    <ClCompile Include="src\gui\widgets\Quiz\ConjugationQuizWidget.cpp">
      <Filter>src\gui\widgets\quiz</Filter>
    </ClCompile>
    <ClCompile Include="src\gui\widgets\Quiz\QuizManagerWidget.cpp">
      <Filter>src\gui\widgets\quiz</Filter>
    </ClCompile>
    <ClCompile Include="src\gui\widgets\ConjugationSettingsWidget.cpp">
      <Filter>src\gui\widgets</Filter>
    </ClCompile>
  </ItemGroup>
  <ItemGroup>
    <ClInclude Include="src\Version.h">
      <Filter>src</Filter>
    </ClInclude>
    <ClInclude Include="src\application\Application.h">
      <Filter>src\application</Filter>
    </ClInclude>
    <ClInclude Include="src\gui\Gui.h">
      <Filter>src\gui</Filter>
    </ClInclude>
    <ClInclude Include="src\gui\widgets\Widget.h">
      <Filter>src\gui\widgets</Filter>
    </ClInclude>
    <ClInclude Include="src\gui\widgets\WidgetTypes.h">
      <Filter>src\gui\widgets</Filter>
    </ClInclude>
    <ClInclude Include="resources\IconsFontAwesome4.h">
      <Filter>resources</Filter>
    </ClInclude>
    <ClInclude Include="src\gui\widgets\LessonTreeViewWidget.h">
      <Filter>src\gui\widgets</Filter>
    </ClInclude>
    <ClInclude Include="src\gui\widgets\MainDashboardWidget.h">
      <Filter>src\gui\widgets</Filter>
    </ClInclude>
    <ClInclude Include="src\gui\widgets\MenuBarWidget.h">
      <Filter>src\gui\widgets</Filter>
    </ClInclude>
    <ClInclude Include="src\lessons\LessonManager.h">
      <Filter>src\lessons</Filter>
    </ClInclude>
    <ClInclude Include="src\gui\widgets\LessonSettingsWidget.h">
      <Filter>src\gui\widgets</Filter>
    </ClInclude>
    <ClInclude Include="src\application\ApplicationDatabase.h">
      <Filter>src\application</Filter>
    </ClInclude>
    <ClInclude Include="src\lessons\Lesson.h">
      <Filter>src\lessons</Filter>
    </ClInclude>
    <ClInclude Include="src\tools\Database.h">
      <Filter>src\tools</Filter>
    </ClInclude>
    <ClInclude Include="src\application\ApplicationEventList.h">
      <Filter>src\application</Filter>
    </ClInclude>
    <ClInclude Include="src\bridge\EventBridge.h">
      <Filter>src\bridge</Filter>
    </ClInclude>
    <ClInclude Include="src\gui\widgets\Quiz\QuizWidget.h">
      <Filter>src\gui\widgets\quiz</Filter>
    </ClInclude>
    <ClInclude Include="src\gui\widgets\Quiz\VocabularyQuizWidget.h">
      <Filter>src\gui\widgets\quiz</Filter>
    </ClInclude>
    <ClInclude Include="src\Application\ApplicationSettings.h">
      <Filter>src\application</Filter>
    </ClInclude>
    <ClInclude Include="src\gui\widgets\ApplicationSettingsWidget.h">
      <Filter>src\gui\widgets</Filter>
    </ClInclude>
    <ClInclude Include="src\gui\widgets\packages\LessonDataPackage.h">
      <Filter>src\gui\widgets\packages</Filter>
    </ClInclude>
    <ClInclude Include="src\gui\widgets\packages\PackageType.h">
      <Filter>src\gui\widgets\packages</Filter>
    </ClInclude>
    <ClInclude Include="src\gui\widgets\packages\SettingsDataPackage.h">
      <Filter>src\gui\widgets\packages</Filter>
    </ClInclude>
    <ClInclude Include="src\gui\widgets\ImGuiFileDialog.h">
      <Filter>src\gui\widgets</Filter>
    </ClInclude>
    <ClInclude Include="src\gui\widgets\ImGuiFileDialogConfig.h">
      <Filter>src\gui\widgets</Filter>
    </ClInclude>
    <ClInclude Include="src\tools\SystemTools.h">
      <Filter>src\tools</Filter>
    </ClInclude>
    <ClInclude Include="src\gui\widgets\ScriptQuizRunnerWidget.h">
      <Filter>src\gui\widgets</Filter>
    </ClInclude>
    <ClInclude Include="src\dictionary\Dictionary.h">
      <Filter>src\dictionary</Filter>
    </ClInclude>
    <ClInclude Include="src\dictionary\Conjugations.h">
      <Filter>src\dictionary</Filter>
    </ClInclude>
    <ClInclude Include="src\dictionary\Word.h">
      <Filter>src\dictionary</Filter>
    </ClInclude>
    <ClInclude Include="src\quiz\ConjugationItem.h">
      <Filter>src\quiz</Filter>
    </ClInclude>
    <ClInclude Include="src\quiz\QuizItem.h">
      <Filter>src\quiz</Filter>
    </ClInclude>
    <ClInclude Include="src\quiz\VocabularyItem.h">
      <Filter>src\quiz</Filter>
    </ClInclude>
    <ClInclude Include="src\quiz\Quiz.h">
      <Filter>src\quiz</Filter>
    </ClInclude>
    <ClInclude Include="src\quiz\MultipleChoiceQuiz.h">
      <Filter>src\quiz</Filter>
    </ClInclude>
    <ClInclude Include="src\gui\widgets\Quiz\ConjugationQuizWidget.h">
      <Filter>src\gui\widgets\quiz</Filter>
    </ClInclude>
    <ClInclude Include="src\gui\widgets\Quiz\QuizManagerWidget.h">
      <Filter>src\gui\widgets\quiz</Filter>
    </ClInclude>
    <ClInclude Include="src\gui\widgets\Quiz\QuizType.h">
      <Filter>src\gui\widgets\quiz</Filter>
    </ClInclude>
    <ClInclude Include="src\quiz\QuizWordType.h">
      <Filter>src\quiz</Filter>
    </ClInclude>
    <ClInclude Include="src\gui\widgets\ConjugationSettingsWidget.h">
      <Filter>src\gui\widgets</Filter>
    </ClInclude>
    <ClInclude Include="resources\resource.h">
      <Filter>resources</Filter>
    </ClInclude>
  </ItemGroup>
  <ItemGroup>
    <Filter Include="src">
      <UniqueIdentifier>{6a63ff0d-8722-4143-85a0-9d1090d35b02}</UniqueIdentifier>
    </Filter>
    <Filter Include="resources">
      <UniqueIdentifier>{313d6fa8-f2d7-4eeb-bf4d-9ddfc524bae0}</UniqueIdentifier>
    </Filter>
    <Filter Include="src\application">
      <UniqueIdentifier>{4d00bdd0-ee0e-4ce2-a827-30dbaeb81372}</UniqueIdentifier>
    </Filter>
    <Filter Include="src\gui">
      <UniqueIdentifier>{be8e2196-5f9f-419c-9cc4-77d9c8e35697}</UniqueIdentifier>
    </Filter>
    <Filter Include="src\gui\widgets">
      <UniqueIdentifier>{17a5297b-ac46-442d-9381-be164f331135}</UniqueIdentifier>
    </Filter>
    <Filter Include="src\gui\style">
      <UniqueIdentifier>{f1b6a724-7fb1-4b56-8039-2f6e6b0f41b5}</UniqueIdentifier>
    </Filter>
    <Filter Include="src\lessons">
      <UniqueIdentifier>{55fdc2dc-0901-4c59-bb29-f39cd3525f7d}</UniqueIdentifier>
    </Filter>
    <Filter Include="src\tools">
      <UniqueIdentifier>{0b456440-b797-414f-8b58-64cf0ed9c965}</UniqueIdentifier>
    </Filter>
    <Filter Include="src\bridge">
      <UniqueIdentifier>{e2862b6f-fe04-4976-8cc2-f6843989bea8}</UniqueIdentifier>
    </Filter>
    <Filter Include="src\gui\widgets\quiz">
      <UniqueIdentifier>{c929d83b-9657-4a24-a3ab-f635c2af3f38}</UniqueIdentifier>
    </Filter>
    <Filter Include="src\gui\widgets\packages">
      <UniqueIdentifier>{685577eb-70d5-4d37-b8dc-cf9d90a1bbea}</UniqueIdentifier>
    </Filter>
    <Filter Include="src\dictionary">
      <UniqueIdentifier>{bfc8274e-5c76-41ad-8071-3ad6bf717f4c}</UniqueIdentifier>
    </Filter>
    <Filter Include="src\quiz">
      <UniqueIdentifier>{8898d016-57ac-436c-bf7b-b5b4c5243ed5}</UniqueIdentifier>
    </Filter>
  </ItemGroup>
  <ItemGroup>
    <Font Include="resources\NotoSansJP-Regular.ttf">
      <Filter>resources</Filter>
    </Font>
    <Font Include="resources\forkawesome-webfont.ttf">
      <Filter>resources</Filter>
    </Font>
  </ItemGroup>
  <ItemGroup>
    <ResourceCompile Include="resources\Tadaima.rc">
      <Filter>resources</Filter>
    </ResourceCompile>
  </ItemGroup>
  <ItemGroup>
    <Image Include="resources\icon.ico">
      <Filter>resources</Filter>
    </Image>
  </ItemGroup>
</Project>