<?xml version="1.0" encoding="utf-8"?>
<Project ToolsVersion="4.0" xmlns="http://schemas.microsoft.com/developer/msbuild/2003">
  <ItemGroup>
    <ClInclude Include="Tools\CommandLineParser.h" />
    <ClInclude Include="Tools\DataPackage.h" />
    <ClInclude Include="Tools\EventDispatcher.h" />
    <ClInclude Include="Tools\random.h" />
    <ClInclude Include="Tools\EventsData.h" />
    <ClInclude Include="Tools\Logger.h" />
    <ClInclude Include="Tools\ScriptRunner.h" />
  </ItemGroup>
  <ItemGroup>
    <ClCompile Include="Tools\Logger.cpp" />
    <ClCompile Include="Tools\pugixml.cpp" />
    <ClCompile Include="Tools\ScriptRunner.cpp" />
  </ItemGroup>
</Project>